// !$*UTF8*$!
{
	archiveVersion = 1;
	classes = {
	};
	objectVersion = 48;
	objects = {

/* Begin PBXBuildFile section */
		4B0FD3721FA06C96006378B6 /* AppDelegate.m in Sources */ = {isa = PBXBuildFile; fileRef = 4B0FD3711FA06C96006378B6 /* AppDelegate.m */; };
		4B0FD3751FA06C96006378B6 /* ViewController.m in Sources */ = {isa = PBXBuildFile; fileRef = 4B0FD3741FA06C96006378B6 /* ViewController.m */; };
		4B0FD3781FA06C96006378B6 /* Main.storyboard in Resources */ = {isa = PBXBuildFile; fileRef = 4B0FD3761FA06C96006378B6 /* Main.storyboard */; };
		4B0FD37A1FA06C96006378B6 /* Assets.xcassets in Resources */ = {isa = PBXBuildFile; fileRef = 4B0FD3791FA06C96006378B6 /* Assets.xcassets */; };
		4B0FD37D1FA06C96006378B6 /* LaunchScreen.storyboard in Resources */ = {isa = PBXBuildFile; fileRef = 4B0FD37B1FA06C96006378B6 /* LaunchScreen.storyboard */; };
		4B0FD3801FA06C96006378B6 /* main.m in Sources */ = {isa = PBXBuildFile; fileRef = 4B0FD37F1FA06C96006378B6 /* main.m */; };
/* End PBXBuildFile section */

/* Begin PBXFileReference section */
		4B0FD36D1FA06C96006378B6 /* Horoscopes.app */ = {isa = PBXFileReference; explicitFileType = wrapper.application; includeInIndex = 0; path = Horoscopes.app; sourceTree = BUILT_PRODUCTS_DIR; };
		4B0FD3701FA06C96006378B6 /* AppDelegate.h */ = {isa = PBXFileReference; lastKnownFileType = sourcecode.c.h; path = AppDelegate.h; sourceTree = "<group>"; };
		4B0FD3711FA06C96006378B6 /* AppDelegate.m */ = {isa = PBXFileReference; lastKnownFileType = sourcecode.c.objc; path = AppDelegate.m; sourceTree = "<group>"; };
		4B0FD3731FA06C96006378B6 /* ViewController.h */ = {isa = PBXFileReference; lastKnownFileType = sourcecode.c.h; path = ViewController.h; sourceTree = "<group>"; };
		4B0FD3741FA06C96006378B6 /* ViewController.m */ = {isa = PBXFileReference; lastKnownFileType = sourcecode.c.objc; path = ViewController.m; sourceTree = "<group>"; };
		4B0FD3771FA06C96006378B6 /* Base */ = {isa = PBXFileReference; lastKnownFileType = file.storyboard; name = Base; path = Base.lproj/Main.storyboard; sourceTree = "<group>"; };
		4B0FD3791FA06C96006378B6 /* Assets.xcassets */ = {isa = PBXFileReference; lastKnownFileType = folder.assetcatalog; path = Assets.xcassets; sourceTree = "<group>"; };
		4B0FD37C1FA06C96006378B6 /* Base */ = {isa = PBXFileReference; lastKnownFileType = file.storyboard; name = Base; path = Base.lproj/LaunchScreen.storyboard; sourceTree = "<group>"; };
		4B0FD37E1FA06C96006378B6 /* Info.plist */ = {isa = PBXFileReference; lastKnownFileType = text.plist.xml; path = Info.plist; sourceTree = "<group>"; };
		4B0FD37F1FA06C96006378B6 /* main.m */ = {isa = PBXFileReference; lastKnownFileType = sourcecode.c.objc; path = main.m; sourceTree = "<group>"; };
/* End PBXFileReference section */

/* Begin PBXFrameworksBuildPhase section */
		4B0FD36A1FA06C96006378B6 /* Frameworks */ = {
			isa = PBXFrameworksBuildPhase;
			buildActionMask = 2147483647;
			files = (
			);
			runOnlyForDeploymentPostprocessing = 0;
		};
/* End PBXFrameworksBuildPhase section */

/* Begin PBXGroup section */
		4B0FD3641FA06C96006378B6 = {
			isa = PBXGroup;
			children = (
				4B0FD36F1FA06C96006378B6 /* Horoscopes */,
				4B0FD36E1FA06C96006378B6 /* Products */,
			);
			sourceTree = "<group>";
		};
		4B0FD36E1FA06C96006378B6 /* Products */ = {
			isa = PBXGroup;
			children = (
				4B0FD36D1FA06C96006378B6 /* Horoscopes.app */,
			);
			name = Products;
			sourceTree = "<group>";
		};
		4B0FD36F1FA06C96006378B6 /* Horoscopes */ = {
			isa = PBXGroup;
			children = (
				4B0FD3701FA06C96006378B6 /* AppDelegate.h */,
				4B0FD3711FA06C96006378B6 /* AppDelegate.m */,
				4B0FD3731FA06C96006378B6 /* ViewController.h */,
				4B0FD3741FA06C96006378B6 /* ViewController.m */,
				4B0FD3761FA06C96006378B6 /* Main.storyboard */,
				4B0FD3791FA06C96006378B6 /* Assets.xcassets */,
				4B0FD37B1FA06C96006378B6 /* LaunchScreen.storyboard */,
				4B0FD37E1FA06C96006378B6 /* Info.plist */,
				4B0FD37F1FA06C96006378B6 /* main.m */,
			);
			path = Horoscopes;
			sourceTree = "<group>";
		};
/* End PBXGroup section */

/* Begin PBXNativeTarget section */
		4B0FD36C1FA06C96006378B6 /* Horoscopes */ = {
			isa = PBXNativeTarget;
			buildConfigurationList = 4B0FD3831FA06C96006378B6 /* Build configuration list for PBXNativeTarget "Horoscopes" */;
			buildPhases = (
				4B0FD3691FA06C96006378B6 /* Sources */,
				4B0FD36A1FA06C96006378B6 /* Frameworks */,
				4B0FD36B1FA06C96006378B6 /* Resources */,
			);
			buildRules = (
			);
			dependencies = (
			);
			name = Horoscopes;
			productName = Horoscopes;
			productReference = 4B0FD36D1FA06C96006378B6 /* Horoscopes.app */;
			productType = "com.apple.product-type.application";
		};
/* End PBXNativeTarget section */

/* Begin PBXProject section */
		4B0FD3651FA06C96006378B6 /* Project object */ = {
			isa = PBXProject;
			attributes = {
				LastUpgradeCheck = 0900;
				ORGANIZATIONNAME = Mail.Ru;
				TargetAttributes = {
					4B0FD36C1FA06C96006378B6 = {
						CreatedOnToolsVersion = 9.0.1;
						ProvisioningStyle = Automatic;
					};
				};
			};
			buildConfigurationList = 4B0FD3681FA06C96006378B6 /* Build configuration list for PBXProject "Horoscopes" */;
			compatibilityVersion = "Xcode 8.0";
			developmentRegion = en;
			hasScannedForEncodings = 0;
			knownRegions = (
				en,
				Base,
			);
			mainGroup = 4B0FD3641FA06C96006378B6;
			productRefGroup = 4B0FD36E1FA06C96006378B6 /* Products */;
			projectDirPath = "";
			projectRoot = "";
			targets = (
				4B0FD36C1FA06C96006378B6 /* Horoscopes */,
			);
		};
/* End PBXProject section */

/* Begin PBXResourcesBuildPhase section */
		4B0FD36B1FA06C96006378B6 /* Resources */ = {
			isa = PBXResourcesBuildPhase;
			buildActionMask = 2147483647;
			files = (
				4B0FD37D1FA06C96006378B6 /* LaunchScreen.storyboard in Resources */,
				4B0FD37A1FA06C96006378B6 /* Assets.xcassets in Resources */,
				4B0FD3781FA06C96006378B6 /* Main.storyboard in Resources */,
			);
			runOnlyForDeploymentPostprocessing = 0;
		};
/* End PBXResourcesBuildPhase section */

/* Begin PBXSourcesBuildPhase section */
		4B0FD3691FA06C96006378B6 /* Sources */ = {
			isa = PBXSourcesBuildPhase;
			buildActionMask = 2147483647;
			files = (
				4B0FD3751FA06C96006378B6 /* ViewController.m in Sources */,
				4B0FD3801FA06C96006378B6 /* main.m in Sources */,
				4B0FD3721FA06C96006378B6 /* AppDelegate.m in Sources */,
			);
			runOnlyForDeploymentPostprocessing = 0;
		};
/* End PBXSourcesBuildPhase section */

/* Begin PBXVariantGroup section */
		4B0FD3761FA06C96006378B6 /* Main.storyboard */ = {
			isa = PBXVariantGroup;
			children = (
				4B0FD3771FA06C96006378B6 /* Base */,
			);
			name = Main.storyboard;
			sourceTree = "<group>";
		};
		4B0FD37B1FA06C96006378B6 /* LaunchScreen.storyboard */ = {
			isa = PBXVariantGroup;
			children = (
				4B0FD37C1FA06C96006378B6 /* Base */,
			);
			name = LaunchScreen.storyboard;
			sourceTree = "<group>";
		};
/* End PBXVariantGroup section */

/* Begin XCBuildConfiguration section */
		4B0FD3811FA06C96006378B6 /* Debug */ = {
			isa = XCBuildConfiguration;
			buildSettings = {
				ALWAYS_SEARCH_USER_PATHS = NO;
				CLANG_ANALYZER_NONNULL = YES;
				CLANG_ANALYZER_NUMBER_OBJECT_CONVERSION = YES_AGGRESSIVE;
				CLANG_CXX_LANGUAGE_STANDARD = "gnu++14";
				CLANG_CXX_LIBRARY = "libc++";
				CLANG_ENABLE_MODULES = YES;
				CLANG_ENABLE_OBJC_ARC = YES;
				CLANG_WARN_BLOCK_CAPTURE_AUTORELEASING = YES;
				CLANG_WARN_BOOL_CONVERSION = YES;
				CLANG_WARN_COMMA = YES;
				CLANG_WARN_CONSTANT_CONVERSION = YES;
				CLANG_WARN_DIRECT_OBJC_ISA_USAGE = YES_ERROR;
				CLANG_WARN_DOCUMENTATION_COMMENTS = YES;
				CLANG_WARN_EMPTY_BODY = YES;
				CLANG_WARN_ENUM_CONVERSION = YES;
				CLANG_WARN_INFINITE_RECURSION = YES;
				CLANG_WARN_INT_CONVERSION = YES;
				CLANG_WARN_NON_LITERAL_NULL_CONVERSION = YES;
				CLANG_WARN_OBJC_LITERAL_CONVERSION = YES;
				CLANG_WARN_OBJC_ROOT_CLASS = YES_ERROR;
				CLANG_WARN_RANGE_LOOP_ANALYSIS = YES;
				CLANG_WARN_STRICT_PROTOTYPES = YES;
				CLANG_WARN_SUSPICIOUS_MOVE = YES;
				CLANG_WARN_UNGUARDED_AVAILABILITY = YES_AGGRESSIVE;
				CLANG_WARN_UNREACHABLE_CODE = YES;
				CLANG_WARN__DUPLICATE_METHOD_MATCH = YES;
				CODE_SIGN_IDENTITY = "iPhone Developer";
				COPY_PHASE_STRIP = NO;
				DEBUG_INFORMATION_FORMAT = dwarf;
				ENABLE_STRICT_OBJC_MSGSEND = YES;
				ENABLE_TESTABILITY = YES;
				GCC_C_LANGUAGE_STANDARD = gnu11;
				GCC_DYNAMIC_NO_PIC = NO;
				GCC_NO_COMMON_BLOCKS = YES;
				GCC_OPTIMIZATION_LEVEL = 0;
				GCC_PREPROCESSOR_DEFINITIONS = (
					"DEBUG=1",
					"$(inherited)",
				);
				GCC_WARN_64_TO_32_BIT_CONVERSION = YES;
				GCC_WARN_ABOUT_RETURN_TYPE = YES_ERROR;
				GCC_WARN_UNDECLARED_SELECTOR = YES;
				GCC_WARN_UNINITIALIZED_AUTOS = YES_AGGRESSIVE;
				GCC_WARN_UNUSED_FUNCTION = YES;
				GCC_WARN_UNUSED_VARIABLE = YES;
				IPHONEOS_DEPLOYMENT_TARGET = 11.0;
				MTL_ENABLE_DEBUG_INFO = YES;
				ONLY_ACTIVE_ARCH = YES;
				SDKROOT = iphoneos;
			};
			name = Debug;
		};
		4B0FD3821FA06C96006378B6 /* Release */ = {
			isa = XCBuildConfiguration;
			buildSettings = {
				ALWAYS_SEARCH_USER_PATHS = NO;
				CLANG_ANALYZER_NONNULL = YES;
				CLANG_ANALYZER_NUMBER_OBJECT_CONVERSION = YES_AGGRESSIVE;
				CLANG_CXX_LANGUAGE_STANDARD = "gnu++14";
				CLANG_CXX_LIBRARY = "libc++";
				CLANG_ENABLE_MODULES = YES;
				CLANG_ENABLE_OBJC_ARC = YES;
				CLANG_WARN_BLOCK_CAPTURE_AUTORELEASING = YES;
				CLANG_WARN_BOOL_CONVERSION = YES;
				CLANG_WARN_COMMA = YES;
				CLANG_WARN_CONSTANT_CONVERSION = YES;
				CLANG_WARN_DIRECT_OBJC_ISA_USAGE = YES_ERROR;
				CLANG_WARN_DOCUMENTATION_COMMENTS = YES;
				CLANG_WARN_EMPTY_BODY = YES;
				CLANG_WARN_ENUM_CONVERSION = YES;
				CLANG_WARN_INFINITE_RECURSION = YES;
				CLANG_WARN_INT_CONVERSION = YES;
				CLANG_WARN_NON_LITERAL_NULL_CONVERSION = YES;
				CLANG_WARN_OBJC_LITERAL_CONVERSION = YES;
				CLANG_WARN_OBJC_ROOT_CLASS = YES_ERROR;
				CLANG_WARN_RANGE_LOOP_ANALYSIS = YES;
				CLANG_WARN_STRICT_PROTOTYPES = YES;
				CLANG_WARN_SUSPICIOUS_MOVE = YES;
				CLANG_WARN_UNGUARDED_AVAILABILITY = YES_AGGRESSIVE;
				CLANG_WARN_UNREACHABLE_CODE = YES;
				CLANG_WARN__DUPLICATE_METHOD_MATCH = YES;
				CODE_SIGN_IDENTITY = "iPhone Developer";
				COPY_PHASE_STRIP = NO;
				DEBUG_INFORMATION_FORMAT = "dwarf-with-dsym";
				ENABLE_NS_ASSERTIONS = NO;
				ENABLE_STRICT_OBJC_MSGSEND = YES;
				GCC_C_LANGUAGE_STANDARD = gnu11;
				GCC_NO_COMMON_BLOCKS = YES;
				GCC_WARN_64_TO_32_BIT_CONVERSION = YES;
				GCC_WARN_ABOUT_RETURN_TYPE = YES_ERROR;
				GCC_WARN_UNDECLARED_SELECTOR = YES;
				GCC_WARN_UNINITIALIZED_AUTOS = YES_AGGRESSIVE;
				GCC_WARN_UNUSED_FUNCTION = YES;
				GCC_WARN_UNUSED_VARIABLE = YES;
				IPHONEOS_DEPLOYMENT_TARGET = 11.0;
				MTL_ENABLE_DEBUG_INFO = NO;
				SDKROOT = iphoneos;
				VALIDATE_PRODUCT = YES;
			};
			name = Release;
		};
		4B0FD3841FA06C96006378B6 /* Debug */ = {
			isa = XCBuildConfiguration;
			buildSettings = {
				ASSETCATALOG_COMPILER_APPICON_NAME = AppIcon;
				CODE_SIGN_STYLE = Automatic;
				DEVELOPMENT_TEAM = 38E2YSTEWN;
				INFOPLIST_FILE = Horoscopes/Info.plist;
				LD_RUNPATH_SEARCH_PATHS = "$(inherited) @executable_path/Frameworks";
				PRODUCT_BUNDLE_IDENTIFIER = lucky.horo.net;
				PRODUCT_NAME = "$(TARGET_NAME)";
				TARGETED_DEVICE_FAMILY = "1,2";
			};
			name = Debug;
		};
		4B0FD3851FA06C96006378B6 /* Release */ = {
			isa = XCBuildConfiguration;
			buildSettings = {
				ASSETCATALOG_COMPILER_APPICON_NAME = AppIcon;
				CODE_SIGN_STYLE = Automatic;
				DEVELOPMENT_TEAM = 38E2YSTEWN;
				INFOPLIST_FILE = Horoscopes/Info.plist;
				LD_RUNPATH_SEARCH_PATHS = "$(inherited) @executable_path/Frameworks";
				PRODUCT_BUNDLE_IDENTIFIER = lucky.horo.net;
				PRODUCT_NAME = "$(TARGET_NAME)";
				TARGETED_DEVICE_FAMILY = "1,2";
			};
			name = Release;
		};
/* End XCBuildConfiguration section */

/* Begin XCConfigurationList section */
		4B0FD3681FA06C96006378B6 /* Build configuration list for PBXProject "Horoscopes" */ = {
			isa = XCConfigurationList;
			buildConfigurations = (
				4B0FD3811FA06C96006378B6 /* Debug */,
				4B0FD3821FA06C96006378B6 /* Release */,
			);
			defaultConfigurationIsVisible = 0;
			defaultConfigurationName = Release;
		};
		4B0FD3831FA06C96006378B6 /* Build configuration list for PBXNativeTarget "Horoscopes" */ = {
			isa = XCConfigurationList;
			buildConfigurations = (
				4B0FD3841FA06C96006378B6 /* Debug */,
				4B0FD3851FA06C96006378B6 /* Release */,
			);
			defaultConfigurationIsVisible = 0;
			defaultConfigurationName = Release;
		};
/* End XCConfigurationList section */
	};
	rootObject = 4B0FD3651FA06C96006378B6 /* Project object */;
}
